// !$*UTF8*$!
{
	archiveVersion = 1;
	classes = {
	};
	objectVersion = 52;
	objects = {

/* Begin PBXBuildFile section */
		332B84E926549CD900B7633B /* GridView.swift in Sources */ = {isa = PBXBuildFile; fileRef = 332B84E826549CD900B7633B /* GridView.swift */; };
		33335646265D4CA400252A36 /* ButtonStyle+Extensions.swift in Sources */ = {isa = PBXBuildFile; fileRef = 33335645265D4CA400252A36 /* ButtonStyle+Extensions.swift */; };
		3336D541265573DA0064F5D9 /* FetchImage in Frameworks */ = {isa = PBXBuildFile; productRef = 3336D540265573DA0064F5D9 /* FetchImage */; };
		3336D54726557D690064F5D9 /* GridMainView.swift in Sources */ = {isa = PBXBuildFile; fileRef = 3336D54626557D690064F5D9 /* GridMainView.swift */; };
		3336D54926557E020064F5D9 /* GridDetailView.swift in Sources */ = {isa = PBXBuildFile; fileRef = 3336D54826557E020064F5D9 /* GridDetailView.swift */; };
		3336D54B2655834C0064F5D9 /* Button+Extensions.swift in Sources */ = {isa = PBXBuildFile; fileRef = 3336D54A2655834C0064F5D9 /* Button+Extensions.swift */; };
		339666B8259697EB00AA5E79 /* MacOSApplicationView.swift in Sources */ = {isa = PBXBuildFile; fileRef = 339666B7259697EB00AA5E79 /* MacOSApplicationView.swift */; };
		33A15A80265E731A00D2D380 /* Overture in Frameworks */ = {isa = PBXBuildFile; productRef = 33A15A7F265E731A00D2D380 /* Overture */; };
		33A15A84265E80F400D2D380 /* Array+Extensions.swift in Sources */ = {isa = PBXBuildFile; fileRef = 33A15A83265E80F400D2D380 /* Array+Extensions.swift */; };
		33A6BDC1265DA5E800C13231 /* URL+Extensions.swift in Sources */ = {isa = PBXBuildFile; fileRef = 33A6BDC0265DA5E800C13231 /* URL+Extensions.swift */; };
		33BEC3192655AA4F0066851E /* NSUserAppleScriptTask+Extensions.swift in Sources */ = {isa = PBXBuildFile; fileRef = 33BEC3182655AA4F0066851E /* NSUserAppleScriptTask+Extensions.swift */; };
		33BEC31B2655AA830066851E /* ApplyingChangesView.swift in Sources */ = {isa = PBXBuildFile; fileRef = 33BEC31A2655AA830066851E /* ApplyingChangesView.swift */; };
		33C25BF6265EBF200016C813 /* DynamicColor in Frameworks */ = {isa = PBXBuildFile; productRef = 33C25BF5265EBF200016C813 /* DynamicColor */; };
		33C25BF8265EBFF40016C813 /* ColorSelectorView.swift in Sources */ = {isa = PBXBuildFile; fileRef = 33C25BF7265EBFF40016C813 /* ColorSelectorView.swift */; };
		33C77B76265FD783006BFA4D /* Color+Extensions.swift in Sources */ = {isa = PBXBuildFile; fileRef = 33C77B75265FD783006BFA4D /* Color+Extensions.swift */; };
		33C77B85266009E5006BFA4D /* GridSelectionView.swift in Sources */ = {isa = PBXBuildFile; fileRef = 33C77B84266009E5006BFA4D /* GridSelectionView.swift */; };
		33CEEEF226552E490084D3BD /* Bundle+Extensions.swift in Sources */ = {isa = PBXBuildFile; fileRef = 33CEEEF126552E490084D3BD /* Bundle+Extensions.swift */; };
		33E1B17C2589600000A1FDC1 /* SapphireApp.swift in Sources */ = {isa = PBXBuildFile; fileRef = 33E1B17B2589600000A1FDC1 /* SapphireApp.swift */; };
		33E1B1802589600100A1FDC1 /* Assets.xcassets in Resources */ = {isa = PBXBuildFile; fileRef = 33E1B17F2589600100A1FDC1 /* Assets.xcassets */; };
		33E1B1832589600100A1FDC1 /* Preview Assets.xcassets in Resources */ = {isa = PBXBuildFile; fileRef = 33E1B1822589600100A1FDC1 /* Preview Assets.xcassets */; };
		33E7FDE82656A412002DD5B8 /* JSONDecoder+Extensions.swift in Sources */ = {isa = PBXBuildFile; fileRef = 33E7FDE72656A412002DD5B8 /* JSONDecoder+Extensions.swift */; };
		33E7FDEA2656B8E4002DD5B8 /* FetchImageView.swift in Sources */ = {isa = PBXBuildFile; fileRef = 33E7FDE92656B8E4002DD5B8 /* FetchImageView.swift */; };
		B7453A362594E99900F8BE5A /* ComposableArchitecture in Frameworks */ = {isa = PBXBuildFile; productRef = B7453A352594E99900F8BE5A /* ComposableArchitecture */; };
		B757D94E2594E9FB000FDB10 /* Grid.swift in Sources */ = {isa = PBXBuildFile; fileRef = B757D94D2594E9FB000FDB10 /* Grid.swift */; };
		B757D95C2594EAF9000FDB10 /* MacOSApplication.swift in Sources */ = {isa = PBXBuildFile; fileRef = B757D95B2594EAF9000FDB10 /* MacOSApplication.swift */; };
/* End PBXBuildFile section */

/* Begin PBXFileReference section */
		332B84E826549CD900B7633B /* GridView.swift */ = {isa = PBXFileReference; lastKnownFileType = sourcecode.swift; path = GridView.swift; sourceTree = "<group>"; };
		33335645265D4CA400252A36 /* ButtonStyle+Extensions.swift */ = {isa = PBXFileReference; lastKnownFileType = sourcecode.swift; path = "ButtonStyle+Extensions.swift"; sourceTree = "<group>"; };
		3336D54626557D690064F5D9 /* GridMainView.swift */ = {isa = PBXFileReference; lastKnownFileType = sourcecode.swift; path = GridMainView.swift; sourceTree = "<group>"; };
		3336D54826557E020064F5D9 /* GridDetailView.swift */ = {isa = PBXFileReference; lastKnownFileType = sourcecode.swift; path = GridDetailView.swift; sourceTree = "<group>"; };
		3336D54A2655834C0064F5D9 /* Button+Extensions.swift */ = {isa = PBXFileReference; lastKnownFileType = sourcecode.swift; path = "Button+Extensions.swift"; sourceTree = "<group>"; };
		339666B7259697EB00AA5E79 /* MacOSApplicationView.swift */ = {isa = PBXFileReference; lastKnownFileType = sourcecode.swift; path = MacOSApplicationView.swift; sourceTree = "<group>"; };
		33A15A83265E80F400D2D380 /* Array+Extensions.swift */ = {isa = PBXFileReference; lastKnownFileType = sourcecode.swift; path = "Array+Extensions.swift"; sourceTree = "<group>"; };
		33A6BDC0265DA5E800C13231 /* URL+Extensions.swift */ = {isa = PBXFileReference; lastKnownFileType = sourcecode.swift; path = "URL+Extensions.swift"; sourceTree = "<group>"; };
		33BEC3182655AA4F0066851E /* NSUserAppleScriptTask+Extensions.swift */ = {isa = PBXFileReference; lastKnownFileType = sourcecode.swift; path = "NSUserAppleScriptTask+Extensions.swift"; sourceTree = "<group>"; };
		33BEC31A2655AA830066851E /* ApplyingChangesView.swift */ = {isa = PBXFileReference; lastKnownFileType = sourcecode.swift; path = ApplyingChangesView.swift; sourceTree = "<group>"; };
		33C25BF7265EBFF40016C813 /* ColorSelectorView.swift */ = {isa = PBXFileReference; lastKnownFileType = sourcecode.swift; path = ColorSelectorView.swift; sourceTree = "<group>"; };
		33C77B75265FD783006BFA4D /* Color+Extensions.swift */ = {isa = PBXFileReference; lastKnownFileType = sourcecode.swift; path = "Color+Extensions.swift"; sourceTree = "<group>"; };
		33C77B84266009E5006BFA4D /* GridSelectionView.swift */ = {isa = PBXFileReference; lastKnownFileType = sourcecode.swift; path = GridSelectionView.swift; sourceTree = "<group>"; };
		33CEEEF126552E490084D3BD /* Bundle+Extensions.swift */ = {isa = PBXFileReference; lastKnownFileType = sourcecode.swift; path = "Bundle+Extensions.swift"; sourceTree = "<group>"; };
		33E1B1782589600000A1FDC1 /* Sapphire.app */ = {isa = PBXFileReference; explicitFileType = wrapper.application; includeInIndex = 0; path = Sapphire.app; sourceTree = BUILT_PRODUCTS_DIR; };
		33E1B17B2589600000A1FDC1 /* SapphireApp.swift */ = {isa = PBXFileReference; lastKnownFileType = sourcecode.swift; path = SapphireApp.swift; sourceTree = "<group>"; };
		33E1B17F2589600100A1FDC1 /* Assets.xcassets */ = {isa = PBXFileReference; lastKnownFileType = folder.assetcatalog; name = Assets.xcassets; path = Sapphire/Assets.xcassets; sourceTree = SOURCE_ROOT; };
		33E1B1822589600100A1FDC1 /* Preview Assets.xcassets */ = {isa = PBXFileReference; lastKnownFileType = folder.assetcatalog; path = "Preview Assets.xcassets"; sourceTree = "<group>"; };
		33E1B1842589600100A1FDC1 /* Info.plist */ = {isa = PBXFileReference; lastKnownFileType = text.plist.xml; path = Info.plist; sourceTree = "<group>"; };
		33E1B1852589600100A1FDC1 /* Sapphire.entitlements */ = {isa = PBXFileReference; lastKnownFileType = text.plist.entitlements; path = Sapphire.entitlements; sourceTree = "<group>"; };
		33E7FDE72656A412002DD5B8 /* JSONDecoder+Extensions.swift */ = {isa = PBXFileReference; lastKnownFileType = sourcecode.swift; path = "JSONDecoder+Extensions.swift"; sourceTree = "<group>"; };
		33E7FDE92656B8E4002DD5B8 /* FetchImageView.swift */ = {isa = PBXFileReference; lastKnownFileType = sourcecode.swift; path = FetchImageView.swift; sourceTree = "<group>"; };
		B757D94D2594E9FB000FDB10 /* Grid.swift */ = {isa = PBXFileReference; lastKnownFileType = sourcecode.swift; path = Grid.swift; sourceTree = "<group>"; };
		B757D95B2594EAF9000FDB10 /* MacOSApplication.swift */ = {isa = PBXFileReference; lastKnownFileType = sourcecode.swift; path = MacOSApplication.swift; sourceTree = "<group>"; };
/* End PBXFileReference section */

/* Begin PBXFrameworksBuildPhase section */
		33E1B1752589600000A1FDC1 /* Frameworks */ = {
			isa = PBXFrameworksBuildPhase;
			buildActionMask = 2147483647;
			files = (
				33C25BF6265EBF200016C813 /* DynamicColor in Frameworks */,
				3336D541265573DA0064F5D9 /* FetchImage in Frameworks */,
				B7453A362594E99900F8BE5A /* ComposableArchitecture in Frameworks */,
				33A15A80265E731A00D2D380 /* Overture in Frameworks */,
			);
			runOnlyForDeploymentPostprocessing = 0;
		};
/* End PBXFrameworksBuildPhase section */

/* Begin PBXGroup section */
		332B84E6265496B000B7633B /* TCA Features */ = {
			isa = PBXGroup;
			children = (
				332B84E7265496BD00B7633B /* Root */,
				33E7FDED2656BFF8002DD5B8 /* Grid */,
				3336D53C26556EE60064F5D9 /* MacOSApplication */,
				33335644265D4A9500252A36 /* Sheet */,
			);
			path = "TCA Features";
			sourceTree = "<group>";
		};
		332B84E7265496BD00B7633B /* Root */ = {
			isa = PBXGroup;
			children = (
			);
			path = Root;
			sourceTree = "<group>";
		};
		33335644265D4A9500252A36 /* Sheet */ = {
			isa = PBXGroup;
			children = (
				33BEC31A2655AA830066851E /* ApplyingChangesView.swift */,
			);
			path = Sheet;
			sourceTree = "<group>";
		};
		3336D53C26556EE60064F5D9 /* MacOSApplication */ = {
			isa = PBXGroup;
			children = (
				B757D95B2594EAF9000FDB10 /* MacOSApplication.swift */,
				339666B7259697EB00AA5E79 /* MacOSApplicationView.swift */,
			);
			path = MacOSApplication;
			sourceTree = "<group>";
		};
		3336D545265578250064F5D9 /* Extensions */ = {
			isa = PBXGroup;
			children = (
				33BEC3182655AA4F0066851E /* NSUserAppleScriptTask+Extensions.swift */,
				33E7FDE72656A412002DD5B8 /* JSONDecoder+Extensions.swift */,
				33CEEEF126552E490084D3BD /* Bundle+Extensions.swift */,
				3336D54A2655834C0064F5D9 /* Button+Extensions.swift */,
				33335645265D4CA400252A36 /* ButtonStyle+Extensions.swift */,
				33A6BDC0265DA5E800C13231 /* URL+Extensions.swift */,
				33A15A83265E80F400D2D380 /* Array+Extensions.swift */,
				33C77B75265FD783006BFA4D /* Color+Extensions.swift */,
			);
			path = Extensions;
			sourceTree = "<group>";
		};
		33C25BF3265EB0E00016C813 /* Views */ = {
			isa = PBXGroup;
			children = (
				33E7FDE92656B8E4002DD5B8 /* FetchImageView.swift */,
				33C25BF7265EBFF40016C813 /* ColorSelectorView.swift */,
			);
			path = Views;
			sourceTree = "<group>";
		};
		33E1B16F2589600000A1FDC1 = {
			isa = PBXGroup;
			children = (
				33E1B17A2589600000A1FDC1 /* Sapphire */,
				33E1B1792589600000A1FDC1 /* Products */,
			);
			sourceTree = "<group>";
		};
		33E1B1792589600000A1FDC1 /* Products */ = {
			isa = PBXGroup;
			children = (
				33E1B1782589600000A1FDC1 /* Sapphire.app */,
			);
			name = Products;
			sourceTree = "<group>";
		};
		33E1B17A2589600000A1FDC1 /* Sapphire */ = {
			isa = PBXGroup;
			children = (
				33E1B17B2589600000A1FDC1 /* SapphireApp.swift */,
				332B84E6265496B000B7633B /* TCA Features */,
				B757D9CF2594ED42000FDB10 /* Common */,
				33E1B17F2589600100A1FDC1 /* Assets.xcassets */,
				33E1B1842589600100A1FDC1 /* Info.plist */,
				33E1B1852589600100A1FDC1 /* Sapphire.entitlements */,
				33E1B1812589600100A1FDC1 /* Preview Content */,
			);
			path = Sapphire;
			sourceTree = "<group>";
		};
		33E1B1812589600100A1FDC1 /* Preview Content */ = {
			isa = PBXGroup;
			children = (
				33E1B1822589600100A1FDC1 /* Preview Assets.xcassets */,
			);
			path = "Preview Content";
			sourceTree = "<group>";
		};
		33E7FDED2656BFF8002DD5B8 /* Grid */ = {
			isa = PBXGroup;
			children = (
				B757D94D2594E9FB000FDB10 /* Grid.swift */,
				332B84E826549CD900B7633B /* GridView.swift */,
				3336D54626557D690064F5D9 /* GridMainView.swift */,
				3336D54826557E020064F5D9 /* GridDetailView.swift */,
				33C77B84266009E5006BFA4D /* GridSelectionView.swift */,
			);
			path = Grid;
			sourceTree = "<group>";
		};
		B757D9CF2594ED42000FDB10 /* Common */ = {
			isa = PBXGroup;
			children = (
				33C25BF3265EB0E00016C813 /* Views */,
				3336D545265578250064F5D9 /* Extensions */,
			);
			path = Common;
			sourceTree = "<group>";
		};
/* End PBXGroup section */

/* Begin PBXNativeTarget section */
		33E1B1772589600000A1FDC1 /* Sapphire */ = {
			isa = PBXNativeTarget;
			buildConfigurationList = 33E1B19E2589600100A1FDC1 /* Build configuration list for PBXNativeTarget "Sapphire" */;
			buildPhases = (
				33E1B1742589600000A1FDC1 /* Sources */,
				33E1B1752589600000A1FDC1 /* Frameworks */,
				33E1B1762589600000A1FDC1 /* Resources */,
			);
			buildRules = (
			);
			dependencies = (
			);
			name = Sapphire;
			packageProductDependencies = (
				B7453A352594E99900F8BE5A /* ComposableArchitecture */,
				3336D540265573DA0064F5D9 /* FetchImage */,
				33A15A7F265E731A00D2D380 /* Overture */,
				33C25BF5265EBF200016C813 /* DynamicColor */,
			);
			productName = AdaptiveIcons;
			productReference = 33E1B1782589600000A1FDC1 /* Sapphire.app */;
			productType = "com.apple.product-type.application";
		};
/* End PBXNativeTarget section */

/* Begin PBXProject section */
		33E1B1702589600000A1FDC1 /* Project object */ = {
			isa = PBXProject;
			attributes = {
				LastSwiftUpdateCheck = 1220;
				LastUpgradeCheck = 1230;
				TargetAttributes = {
					33E1B1772589600000A1FDC1 = {
						CreatedOnToolsVersion = 12.2;
					};
				};
			};
			buildConfigurationList = 33E1B1732589600000A1FDC1 /* Build configuration list for PBXProject "Sapphire" */;
			compatibilityVersion = "Xcode 9.3";
			developmentRegion = en;
			hasScannedForEncodings = 0;
			knownRegions = (
				en,
				Base,
			);
			mainGroup = 33E1B16F2589600000A1FDC1;
			packageReferences = (
				B7453A342594E99900F8BE5A /* XCRemoteSwiftPackageReference "swift-composable-architecture" */,
				3336D53F265573DA0064F5D9 /* XCRemoteSwiftPackageReference "FetchImage" */,
				33A15A7E265E731A00D2D380 /* XCRemoteSwiftPackageReference "swift-overture" */,
				33C25BF4265EBF200016C813 /* XCRemoteSwiftPackageReference "DynamicColor" */,
			);
			productRefGroup = 33E1B1792589600000A1FDC1 /* Products */;
			projectDirPath = "";
			projectRoot = "";
			targets = (
				33E1B1772589600000A1FDC1 /* Sapphire */,
			);
		};
/* End PBXProject section */

/* Begin PBXResourcesBuildPhase section */
		33E1B1762589600000A1FDC1 /* Resources */ = {
			isa = PBXResourcesBuildPhase;
			buildActionMask = 2147483647;
			files = (
				33E1B1832589600100A1FDC1 /* Preview Assets.xcassets in Resources */,
				33E1B1802589600100A1FDC1 /* Assets.xcassets in Resources */,
			);
			runOnlyForDeploymentPostprocessing = 0;
		};
/* End PBXResourcesBuildPhase section */

/* Begin PBXSourcesBuildPhase section */
		33E1B1742589600000A1FDC1 /* Sources */ = {
			isa = PBXSourcesBuildPhase;
			buildActionMask = 2147483647;
			files = (
				33E1B17C2589600000A1FDC1 /* SapphireApp.swift in Sources */,
				33E7FDE82656A412002DD5B8 /* JSONDecoder+Extensions.swift in Sources */,
				3336D54926557E020064F5D9 /* GridDetailView.swift in Sources */,
				33BEC3192655AA4F0066851E /* NSUserAppleScriptTask+Extensions.swift in Sources */,
				339666B8259697EB00AA5E79 /* MacOSApplicationView.swift in Sources */,
				332B84E926549CD900B7633B /* GridView.swift in Sources */,
				3336D54B2655834C0064F5D9 /* Button+Extensions.swift in Sources */,
				B757D95C2594EAF9000FDB10 /* MacOSApplication.swift in Sources */,
				33C77B85266009E5006BFA4D /* GridSelectionView.swift in Sources */,
				33A15A84265E80F400D2D380 /* Array+Extensions.swift in Sources */,
				33BEC31B2655AA830066851E /* ApplyingChangesView.swift in Sources */,
				33C25BF8265EBFF40016C813 /* ColorSelectorView.swift in Sources */,
				B757D94E2594E9FB000FDB10 /* Grid.swift in Sources */,
				3336D54726557D690064F5D9 /* GridMainView.swift in Sources */,
				33C77B76265FD783006BFA4D /* Color+Extensions.swift in Sources */,
				33A6BDC1265DA5E800C13231 /* URL+Extensions.swift in Sources */,
				33CEEEF226552E490084D3BD /* Bundle+Extensions.swift in Sources */,
				33E7FDEA2656B8E4002DD5B8 /* FetchImageView.swift in Sources */,
				33335646265D4CA400252A36 /* ButtonStyle+Extensions.swift in Sources */,
			);
			runOnlyForDeploymentPostprocessing = 0;
		};
/* End PBXSourcesBuildPhase section */

/* Begin XCBuildConfiguration section */
		33E1B19C2589600100A1FDC1 /* Debug */ = {
			isa = XCBuildConfiguration;
			buildSettings = {
				ALWAYS_SEARCH_USER_PATHS = NO;
				CLANG_ANALYZER_NONNULL = YES;
				CLANG_ANALYZER_NUMBER_OBJECT_CONVERSION = YES_AGGRESSIVE;
				CLANG_CXX_LANGUAGE_STANDARD = "gnu++14";
				CLANG_CXX_LIBRARY = "libc++";
				CLANG_ENABLE_MODULES = YES;
				CLANG_ENABLE_OBJC_ARC = YES;
				CLANG_ENABLE_OBJC_WEAK = YES;
				CLANG_WARN_BLOCK_CAPTURE_AUTORELEASING = YES;
				CLANG_WARN_BOOL_CONVERSION = YES;
				CLANG_WARN_COMMA = YES;
				CLANG_WARN_CONSTANT_CONVERSION = YES;
				CLANG_WARN_DEPRECATED_OBJC_IMPLEMENTATIONS = YES;
				CLANG_WARN_DIRECT_OBJC_ISA_USAGE = YES_ERROR;
				CLANG_WARN_DOCUMENTATION_COMMENTS = YES;
				CLANG_WARN_EMPTY_BODY = YES;
				CLANG_WARN_ENUM_CONVERSION = YES;
				CLANG_WARN_INFINITE_RECURSION = YES;
				CLANG_WARN_INT_CONVERSION = YES;
				CLANG_WARN_NON_LITERAL_NULL_CONVERSION = YES;
				CLANG_WARN_OBJC_IMPLICIT_RETAIN_SELF = YES;
				CLANG_WARN_OBJC_LITERAL_CONVERSION = YES;
				CLANG_WARN_OBJC_ROOT_CLASS = YES_ERROR;
				CLANG_WARN_QUOTED_INCLUDE_IN_FRAMEWORK_HEADER = YES;
				CLANG_WARN_RANGE_LOOP_ANALYSIS = YES;
				CLANG_WARN_STRICT_PROTOTYPES = YES;
				CLANG_WARN_SUSPICIOUS_MOVE = YES;
				CLANG_WARN_UNGUARDED_AVAILABILITY = YES_AGGRESSIVE;
				CLANG_WARN_UNREACHABLE_CODE = YES;
				CLANG_WARN__DUPLICATE_METHOD_MATCH = YES;
				COPY_PHASE_STRIP = NO;
				DEBUG_INFORMATION_FORMAT = dwarf;
				ENABLE_STRICT_OBJC_MSGSEND = YES;
				ENABLE_TESTABILITY = YES;
				GCC_C_LANGUAGE_STANDARD = gnu11;
				GCC_DYNAMIC_NO_PIC = NO;
				GCC_NO_COMMON_BLOCKS = YES;
				GCC_OPTIMIZATION_LEVEL = 0;
				GCC_PREPROCESSOR_DEFINITIONS = (
					"DEBUG=1",
					"$(inherited)",
				);
				GCC_WARN_64_TO_32_BIT_CONVERSION = YES;
				GCC_WARN_ABOUT_RETURN_TYPE = YES_ERROR;
				GCC_WARN_UNDECLARED_SELECTOR = YES;
				GCC_WARN_UNINITIALIZED_AUTOS = YES_AGGRESSIVE;
				GCC_WARN_UNUSED_FUNCTION = YES;
				GCC_WARN_UNUSED_VARIABLE = YES;
				MACOSX_DEPLOYMENT_TARGET = 11.0;
				MTL_ENABLE_DEBUG_INFO = INCLUDE_SOURCE;
				MTL_FAST_MATH = YES;
				ONLY_ACTIVE_ARCH = YES;
				SDKROOT = macosx;
				SWIFT_ACTIVE_COMPILATION_CONDITIONS = DEBUG;
				SWIFT_OPTIMIZATION_LEVEL = "-Onone";
			};
			name = Debug;
		};
		33E1B19D2589600100A1FDC1 /* Release */ = {
			isa = XCBuildConfiguration;
			buildSettings = {
				ALWAYS_SEARCH_USER_PATHS = NO;
				CLANG_ANALYZER_NONNULL = YES;
				CLANG_ANALYZER_NUMBER_OBJECT_CONVERSION = YES_AGGRESSIVE;
				CLANG_CXX_LANGUAGE_STANDARD = "gnu++14";
				CLANG_CXX_LIBRARY = "libc++";
				CLANG_ENABLE_MODULES = YES;
				CLANG_ENABLE_OBJC_ARC = YES;
				CLANG_ENABLE_OBJC_WEAK = YES;
				CLANG_WARN_BLOCK_CAPTURE_AUTORELEASING = YES;
				CLANG_WARN_BOOL_CONVERSION = YES;
				CLANG_WARN_COMMA = YES;
				CLANG_WARN_CONSTANT_CONVERSION = YES;
				CLANG_WARN_DEPRECATED_OBJC_IMPLEMENTATIONS = YES;
				CLANG_WARN_DIRECT_OBJC_ISA_USAGE = YES_ERROR;
				CLANG_WARN_DOCUMENTATION_COMMENTS = YES;
				CLANG_WARN_EMPTY_BODY = YES;
				CLANG_WARN_ENUM_CONVERSION = YES;
				CLANG_WARN_INFINITE_RECURSION = YES;
				CLANG_WARN_INT_CONVERSION = YES;
				CLANG_WARN_NON_LITERAL_NULL_CONVERSION = YES;
				CLANG_WARN_OBJC_IMPLICIT_RETAIN_SELF = YES;
				CLANG_WARN_OBJC_LITERAL_CONVERSION = YES;
				CLANG_WARN_OBJC_ROOT_CLASS = YES_ERROR;
				CLANG_WARN_QUOTED_INCLUDE_IN_FRAMEWORK_HEADER = YES;
				CLANG_WARN_RANGE_LOOP_ANALYSIS = YES;
				CLANG_WARN_STRICT_PROTOTYPES = YES;
				CLANG_WARN_SUSPICIOUS_MOVE = YES;
				CLANG_WARN_UNGUARDED_AVAILABILITY = YES_AGGRESSIVE;
				CLANG_WARN_UNREACHABLE_CODE = YES;
				CLANG_WARN__DUPLICATE_METHOD_MATCH = YES;
				COPY_PHASE_STRIP = NO;
				DEBUG_INFORMATION_FORMAT = "dwarf-with-dsym";
				ENABLE_NS_ASSERTIONS = NO;
				ENABLE_STRICT_OBJC_MSGSEND = YES;
				GCC_C_LANGUAGE_STANDARD = gnu11;
				GCC_NO_COMMON_BLOCKS = YES;
				GCC_WARN_64_TO_32_BIT_CONVERSION = YES;
				GCC_WARN_ABOUT_RETURN_TYPE = YES_ERROR;
				GCC_WARN_UNDECLARED_SELECTOR = YES;
				GCC_WARN_UNINITIALIZED_AUTOS = YES_AGGRESSIVE;
				GCC_WARN_UNUSED_FUNCTION = YES;
				GCC_WARN_UNUSED_VARIABLE = YES;
				MACOSX_DEPLOYMENT_TARGET = 11.0;
				MTL_ENABLE_DEBUG_INFO = NO;
				MTL_FAST_MATH = YES;
				SDKROOT = macosx;
				SWIFT_COMPILATION_MODE = wholemodule;
				SWIFT_OPTIMIZATION_LEVEL = "-O";
			};
			name = Release;
		};
		33E1B19F2589600100A1FDC1 /* Debug */ = {
			isa = XCBuildConfiguration;
			buildSettings = {
				ASSETCATALOG_COMPILER_APPICON_NAME = AppIcon;
				ASSETCATALOG_COMPILER_GLOBAL_ACCENT_COLOR_NAME = AccentColor;
				CODE_SIGN_ENTITLEMENTS = Sapphire/Sapphire.entitlements;
				CODE_SIGN_IDENTITY = "-";
				CODE_SIGN_STYLE = Automatic;
				COMBINE_HIDPI_IMAGES = YES;
				DEVELOPMENT_ASSET_PATHS = "\"Sapphire/Preview Content\"";
				DEVELOPMENT_TEAM = W6LQK45783;
				ENABLE_HARDENED_RUNTIME = YES;
				ENABLE_PREVIEWS = YES;
				INFOPLIST_FILE = Sapphire/Info.plist;
				LD_RUNPATH_SEARCH_PATHS = (
					"$(inherited)",
					"@executable_path/../Frameworks",
				);
				PRODUCT_BUNDLE_IDENTIFIER = kswift.Sapphire;
				PRODUCT_NAME = "$(TARGET_NAME)";
				SWIFT_VERSION = 5.0;
			};
			name = Debug;
		};
		33E1B1A02589600100A1FDC1 /* Release */ = {
			isa = XCBuildConfiguration;
			buildSettings = {
				ASSETCATALOG_COMPILER_APPICON_NAME = AppIcon;
				ASSETCATALOG_COMPILER_GLOBAL_ACCENT_COLOR_NAME = AccentColor;
				CODE_SIGN_ENTITLEMENTS = Sapphire/Sapphire.entitlements;
				CODE_SIGN_IDENTITY = "-";
				CODE_SIGN_STYLE = Automatic;
				COMBINE_HIDPI_IMAGES = YES;
				DEVELOPMENT_ASSET_PATHS = "\"Sapphire/Preview Content\"";
				DEVELOPMENT_TEAM = W6LQK45783;
				ENABLE_HARDENED_RUNTIME = YES;
				ENABLE_PREVIEWS = YES;
				INFOPLIST_FILE = Sapphire/Info.plist;
				LD_RUNPATH_SEARCH_PATHS = (
					"$(inherited)",
					"@executable_path/../Frameworks",
				);
				PRODUCT_BUNDLE_IDENTIFIER = kswift.Sapphire;
				PRODUCT_NAME = "$(TARGET_NAME)";
				SWIFT_VERSION = 5.0;
			};
			name = Release;
		};
/* End XCBuildConfiguration section */

/* Begin XCConfigurationList section */
		33E1B1732589600000A1FDC1 /* Build configuration list for PBXProject "Sapphire" */ = {
			isa = XCConfigurationList;
			buildConfigurations = (
				33E1B19C2589600100A1FDC1 /* Debug */,
				33E1B19D2589600100A1FDC1 /* Release */,
			);
			defaultConfigurationIsVisible = 0;
			defaultConfigurationName = Release;
		};
		33E1B19E2589600100A1FDC1 /* Build configuration list for PBXNativeTarget "Sapphire" */ = {
			isa = XCConfigurationList;
			buildConfigurations = (
				33E1B19F2589600100A1FDC1 /* Debug */,
				33E1B1A02589600100A1FDC1 /* Release */,
			);
			defaultConfigurationIsVisible = 0;
			defaultConfigurationName = Release;
		};
/* End XCConfigurationList section */

/* Begin XCRemoteSwiftPackageReference section */
		3336D53F265573DA0064F5D9 /* XCRemoteSwiftPackageReference "FetchImage" */ = {
			isa = XCRemoteSwiftPackageReference;
			repositoryURL = "https://github.com/kean/FetchImage";
			requirement = {
				kind = upToNextMajorVersion;
				minimumVersion = 0.4.1;
			};
		};
		33A15A7E265E731A00D2D380 /* XCRemoteSwiftPackageReference "swift-overture" */ = {
			isa = XCRemoteSwiftPackageReference;
			repositoryURL = "https://github.com/pointfreeco/swift-overture";
			requirement = {
				kind = upToNextMajorVersion;
				minimumVersion = 0.5.0;
			};
		};
		33C25BF4265EBF200016C813 /* XCRemoteSwiftPackageReference "DynamicColor" */ = {
			isa = XCRemoteSwiftPackageReference;
			repositoryURL = "https://github.com/yannickl/DynamicColor";
			requirement = {
				kind = upToNextMajorVersion;
				minimumVersion = 5.0.1;
			};
		};
		B7453A342594E99900F8BE5A /* XCRemoteSwiftPackageReference "swift-composable-architecture" */ = {
			isa = XCRemoteSwiftPackageReference;
			repositoryURL = "https://github.com/pointfreeco/swift-composable-architecture.git";
			requirement = {
				kind = upToNextMajorVersion;
				minimumVersion = 0.9.0;
			};
		};
/* End XCRemoteSwiftPackageReference section */

/* Begin XCSwiftPackageProductDependency section */
		3336D540265573DA0064F5D9 /* FetchImage */ = {
			isa = XCSwiftPackageProductDependency;
			package = 3336D53F265573DA0064F5D9 /* XCRemoteSwiftPackageReference "FetchImage" */;
			productName = FetchImage;
		};
		33A15A7F265E731A00D2D380 /* Overture */ = {
			isa = XCSwiftPackageProductDependency;
			package = 33A15A7E265E731A00D2D380 /* XCRemoteSwiftPackageReference "swift-overture" */;
			productName = Overture;
		};
		33C25BF5265EBF200016C813 /* DynamicColor */ = {
			isa = XCSwiftPackageProductDependency;
			package = 33C25BF4265EBF200016C813 /* XCRemoteSwiftPackageReference "DynamicColor" */;
			productName = DynamicColor;
		};
		B7453A352594E99900F8BE5A /* ComposableArchitecture */ = {
			isa = XCSwiftPackageProductDependency;
			package = B7453A342594E99900F8BE5A /* XCRemoteSwiftPackageReference "swift-composable-architecture" */;
			productName = ComposableArchitecture;
		};
/* End XCSwiftPackageProductDependency section */
	};
	rootObject = 33E1B1702589600000A1FDC1 /* Project object */;
}
