// !$*UTF8*$!
{
	archiveVersion = 1;
	classes = {
	};
	objectVersion = 52;
	objects = {

/* Begin PBXBuildFile section */
		3300BA282592442E002E8373 /* SidebarView.swift in Sources */ = {isa = PBXBuildFile; fileRef = 3300BA272592442E002E8373 /* SidebarView.swift */; };
		3360CA82258BF80B008350BB /* Grid in Frameworks */ = {isa = PBXBuildFile; productRef = 3360CA81258BF80B008350BB /* Grid */; };
		33C3E93225941811007670AB /* ContentView.swift in Sources */ = {isa = PBXBuildFile; fileRef = 33C3E93125941811007670AB /* ContentView.swift */; };
		33E1B17C2589600000A1FDC1 /* AdaptiveIconsApp.swift in Sources */ = {isa = PBXBuildFile; fileRef = 33E1B17B2589600000A1FDC1 /* AdaptiveIconsApp.swift */; };
		33E1B1802589600100A1FDC1 /* Assets.xcassets in Resources */ = {isa = PBXBuildFile; fileRef = 33E1B17F2589600100A1FDC1 /* Assets.xcassets */; };
		33E1B1832589600100A1FDC1 /* Preview Assets.xcassets in Resources */ = {isa = PBXBuildFile; fileRef = 33E1B1822589600100A1FDC1 /* Preview Assets.xcassets */; };
		33E1B18F2589600100A1FDC1 /* AdaptiveIconsTests.swift in Sources */ = {isa = PBXBuildFile; fileRef = 33E1B18E2589600100A1FDC1 /* AdaptiveIconsTests.swift */; };
		33E1B19A2589600100A1FDC1 /* AdaptiveIconsUITests.swift in Sources */ = {isa = PBXBuildFile; fileRef = 33E1B1992589600100A1FDC1 /* AdaptiveIconsUITests.swift */; };
		B7453A362594E99900F8BE5A /* ComposableArchitecture in Frameworks */ = {isa = PBXBuildFile; productRef = B7453A352594E99900F8BE5A /* ComposableArchitecture */; };
		B757D94E2594E9FB000FDB10 /* AppState.swift in Sources */ = {isa = PBXBuildFile; fileRef = B757D94D2594E9FB000FDB10 /* AppState.swift */; };
		B757D9562594EAB3000FDB10 /* Logger.swift in Sources */ = {isa = PBXBuildFile; fileRef = B757D9552594EAB3000FDB10 /* Logger.swift */; };
		B757D95C2594EAF9000FDB10 /* Model.swift in Sources */ = {isa = PBXBuildFile; fileRef = B757D95B2594EAF9000FDB10 /* Model.swift */; };
/* End PBXBuildFile section */

/* Begin PBXContainerItemProxy section */
		33E1B18B2589600100A1FDC1 /* PBXContainerItemProxy */ = {
			isa = PBXContainerItemProxy;
			containerPortal = 33E1B1702589600000A1FDC1 /* Project object */;
			proxyType = 1;
			remoteGlobalIDString = 33E1B1772589600000A1FDC1;
			remoteInfo = AdaptiveIcons;
		};
		33E1B1962589600100A1FDC1 /* PBXContainerItemProxy */ = {
			isa = PBXContainerItemProxy;
			containerPortal = 33E1B1702589600000A1FDC1 /* Project object */;
			proxyType = 1;
			remoteGlobalIDString = 33E1B1772589600000A1FDC1;
			remoteInfo = AdaptiveIcons;
		};
/* End PBXContainerItemProxy section */

/* Begin PBXFileReference section */
		3300BA272592442E002E8373 /* SidebarView.swift */ = {isa = PBXFileReference; lastKnownFileType = sourcecode.swift; path = SidebarView.swift; sourceTree = "<group>"; };
		33C3E93125941811007670AB /* ContentView.swift */ = {isa = PBXFileReference; lastKnownFileType = sourcecode.swift; path = ContentView.swift; sourceTree = "<group>"; };
		33E1B1782589600000A1FDC1 /* AdaptiveIcons.app */ = {isa = PBXFileReference; explicitFileType = wrapper.application; includeInIndex = 0; path = AdaptiveIcons.app; sourceTree = BUILT_PRODUCTS_DIR; };
		33E1B17B2589600000A1FDC1 /* AdaptiveIconsApp.swift */ = {isa = PBXFileReference; lastKnownFileType = sourcecode.swift; path = AdaptiveIconsApp.swift; sourceTree = "<group>"; };
		33E1B17F2589600100A1FDC1 /* Assets.xcassets */ = {isa = PBXFileReference; lastKnownFileType = folder.assetcatalog; path = Assets.xcassets; sourceTree = "<group>"; };
		33E1B1822589600100A1FDC1 /* Preview Assets.xcassets */ = {isa = PBXFileReference; lastKnownFileType = folder.assetcatalog; path = "Preview Assets.xcassets"; sourceTree = "<group>"; };
		33E1B1842589600100A1FDC1 /* Info.plist */ = {isa = PBXFileReference; lastKnownFileType = text.plist.xml; path = Info.plist; sourceTree = "<group>"; };
		33E1B1852589600100A1FDC1 /* AdaptiveIcons.entitlements */ = {isa = PBXFileReference; lastKnownFileType = text.plist.entitlements; path = AdaptiveIcons.entitlements; sourceTree = "<group>"; };
		33E1B18A2589600100A1FDC1 /* AdaptiveIconsTests.xctest */ = {isa = PBXFileReference; explicitFileType = wrapper.cfbundle; includeInIndex = 0; path = AdaptiveIconsTests.xctest; sourceTree = BUILT_PRODUCTS_DIR; };
		33E1B18E2589600100A1FDC1 /* AdaptiveIconsTests.swift */ = {isa = PBXFileReference; lastKnownFileType = sourcecode.swift; path = AdaptiveIconsTests.swift; sourceTree = "<group>"; };
		33E1B1902589600100A1FDC1 /* Info.plist */ = {isa = PBXFileReference; lastKnownFileType = text.plist.xml; path = Info.plist; sourceTree = "<group>"; };
		33E1B1952589600100A1FDC1 /* AdaptiveIconsUITests.xctest */ = {isa = PBXFileReference; explicitFileType = wrapper.cfbundle; includeInIndex = 0; path = AdaptiveIconsUITests.xctest; sourceTree = BUILT_PRODUCTS_DIR; };
		33E1B1992589600100A1FDC1 /* AdaptiveIconsUITests.swift */ = {isa = PBXFileReference; lastKnownFileType = sourcecode.swift; path = AdaptiveIconsUITests.swift; sourceTree = "<group>"; };
		33E1B19B2589600100A1FDC1 /* Info.plist */ = {isa = PBXFileReference; lastKnownFileType = text.plist.xml; path = Info.plist; sourceTree = "<group>"; };
		B757D94D2594E9FB000FDB10 /* AppState.swift */ = {isa = PBXFileReference; lastKnownFileType = sourcecode.swift; path = AppState.swift; sourceTree = "<group>"; };
		B757D9552594EAB3000FDB10 /* Logger.swift */ = {isa = PBXFileReference; lastKnownFileType = sourcecode.swift; path = Logger.swift; sourceTree = "<group>"; };
		B757D95B2594EAF9000FDB10 /* Model.swift */ = {isa = PBXFileReference; lastKnownFileType = sourcecode.swift; path = Model.swift; sourceTree = "<group>"; };
/* End PBXFileReference section */

/* Begin PBXFrameworksBuildPhase section */
		33E1B1752589600000A1FDC1 /* Frameworks */ = {
			isa = PBXFrameworksBuildPhase;
			buildActionMask = 2147483647;
			files = (
				B7453A362594E99900F8BE5A /* ComposableArchitecture in Frameworks */,
				3360CA82258BF80B008350BB /* Grid in Frameworks */,
			);
			runOnlyForDeploymentPostprocessing = 0;
		};
		33E1B1872589600100A1FDC1 /* Frameworks */ = {
			isa = PBXFrameworksBuildPhase;
			buildActionMask = 2147483647;
			files = (
			);
			runOnlyForDeploymentPostprocessing = 0;
		};
		33E1B1922589600100A1FDC1 /* Frameworks */ = {
			isa = PBXFrameworksBuildPhase;
			buildActionMask = 2147483647;
			files = (
			);
			runOnlyForDeploymentPostprocessing = 0;
		};
/* End PBXFrameworksBuildPhase section */

/* Begin PBXGroup section */
		33E1B16F2589600000A1FDC1 = {
			isa = PBXGroup;
			children = (
				33E1B17A2589600000A1FDC1 /* AdaptiveIcons */,
				33E1B18D2589600100A1FDC1 /* AdaptiveIconsTests */,
				33E1B1982589600100A1FDC1 /* AdaptiveIconsUITests */,
				33E1B1792589600000A1FDC1 /* Products */,
			);
			sourceTree = "<group>";
		};
		33E1B1792589600000A1FDC1 /* Products */ = {
			isa = PBXGroup;
			children = (
				33E1B1782589600000A1FDC1 /* AdaptiveIcons.app */,
				33E1B18A2589600100A1FDC1 /* AdaptiveIconsTests.xctest */,
				33E1B1952589600100A1FDC1 /* AdaptiveIconsUITests.xctest */,
			);
			name = Products;
			sourceTree = "<group>";
		};
		33E1B17A2589600000A1FDC1 /* AdaptiveIcons */ = {
			isa = PBXGroup;
			children = (
				33E1B1852589600100A1FDC1 /* AdaptiveIcons.entitlements */,
				33E1B17B2589600000A1FDC1 /* AdaptiveIconsApp.swift */,
				33C3E93125941811007670AB /* ContentView.swift */,
				33E1B17F2589600100A1FDC1 /* Assets.xcassets */,
				B757D9CF2594ED42000FDB10 /* Common */,
				B757D95A2594EAEB000FDB10 /* Model */,
				33E1B1812589600100A1FDC1 /* Preview Content */,
				B757D94C2594E9DE000FDB10 /* State */,
				B757D9D02594ED52000FDB10 /* Views */,
				33E1B1842589600100A1FDC1 /* Info.plist */,
			);
			path = AdaptiveIcons;
			sourceTree = "<group>";
		};
		33E1B1812589600100A1FDC1 /* Preview Content */ = {
			isa = PBXGroup;
			children = (
				33E1B1822589600100A1FDC1 /* Preview Assets.xcassets */,
			);
			path = "Preview Content";
			sourceTree = "<group>";
		};
		33E1B18D2589600100A1FDC1 /* AdaptiveIconsTests */ = {
			isa = PBXGroup;
			children = (
				33E1B18E2589600100A1FDC1 /* AdaptiveIconsTests.swift */,
				33E1B1902589600100A1FDC1 /* Info.plist */,
			);
			path = AdaptiveIconsTests;
			sourceTree = "<group>";
		};
		33E1B1982589600100A1FDC1 /* AdaptiveIconsUITests */ = {
			isa = PBXGroup;
			children = (
				33E1B1992589600100A1FDC1 /* AdaptiveIconsUITests.swift */,
				33E1B19B2589600100A1FDC1 /* Info.plist */,
			);
			path = AdaptiveIconsUITests;
			sourceTree = "<group>";
		};
		B757D94C2594E9DE000FDB10 /* State */ = {
			isa = PBXGroup;
			children = (
				B757D94D2594E9FB000FDB10 /* AppState.swift */,
			);
			path = State;
			sourceTree = "<group>";
		};
		B757D95A2594EAEB000FDB10 /* Model */ = {
			isa = PBXGroup;
			children = (
				B757D95B2594EAF9000FDB10 /* Model.swift */,
			);
			path = Model;
			sourceTree = "<group>";
		};
		B757D9CF2594ED42000FDB10 /* Common */ = {
			isa = PBXGroup;
			children = (
				B757D9552594EAB3000FDB10 /* Logger.swift */,
			);
			path = Common;
			sourceTree = "<group>";
		};
		B757D9D02594ED52000FDB10 /* Views */ = {
			isa = PBXGroup;
			children = (
				3300BA272592442E002E8373 /* SidebarView.swift */,
			);
			path = Views;
			sourceTree = "<group>";
		};
/* End PBXGroup section */

/* Begin PBXNativeTarget section */
		33E1B1772589600000A1FDC1 /* AdaptiveIcons */ = {
			isa = PBXNativeTarget;
			buildConfigurationList = 33E1B19E2589600100A1FDC1 /* Build configuration list for PBXNativeTarget "AdaptiveIcons" */;
			buildPhases = (
				33E1B1742589600000A1FDC1 /* Sources */,
				33E1B1752589600000A1FDC1 /* Frameworks */,
				33E1B1762589600000A1FDC1 /* Resources */,
			);
			buildRules = (
			);
			dependencies = (
			);
			name = AdaptiveIcons;
			packageProductDependencies = (
				3360CA81258BF80B008350BB /* Grid */,
				B7453A352594E99900F8BE5A /* ComposableArchitecture */,
			);
			productName = AdaptiveIcons;
			productReference = 33E1B1782589600000A1FDC1 /* AdaptiveIcons.app */;
			productType = "com.apple.product-type.application";
		};
		33E1B1892589600100A1FDC1 /* AdaptiveIconsTests */ = {
			isa = PBXNativeTarget;
			buildConfigurationList = 33E1B1A12589600100A1FDC1 /* Build configuration list for PBXNativeTarget "AdaptiveIconsTests" */;
			buildPhases = (
				33E1B1862589600100A1FDC1 /* Sources */,
				33E1B1872589600100A1FDC1 /* Frameworks */,
				33E1B1882589600100A1FDC1 /* Resources */,
			);
			buildRules = (
			);
			dependencies = (
				33E1B18C2589600100A1FDC1 /* PBXTargetDependency */,
			);
			name = AdaptiveIconsTests;
			productName = AdaptiveIconsTests;
			productReference = 33E1B18A2589600100A1FDC1 /* AdaptiveIconsTests.xctest */;
			productType = "com.apple.product-type.bundle.unit-test";
		};
		33E1B1942589600100A1FDC1 /* AdaptiveIconsUITests */ = {
			isa = PBXNativeTarget;
			buildConfigurationList = 33E1B1A42589600100A1FDC1 /* Build configuration list for PBXNativeTarget "AdaptiveIconsUITests" */;
			buildPhases = (
				33E1B1912589600100A1FDC1 /* Sources */,
				33E1B1922589600100A1FDC1 /* Frameworks */,
				33E1B1932589600100A1FDC1 /* Resources */,
			);
			buildRules = (
			);
			dependencies = (
				33E1B1972589600100A1FDC1 /* PBXTargetDependency */,
			);
			name = AdaptiveIconsUITests;
			productName = AdaptiveIconsUITests;
			productReference = 33E1B1952589600100A1FDC1 /* AdaptiveIconsUITests.xctest */;
			productType = "com.apple.product-type.bundle.ui-testing";
		};
/* End PBXNativeTarget section */

/* Begin PBXProject section */
		33E1B1702589600000A1FDC1 /* Project object */ = {
			isa = PBXProject;
			attributes = {
				LastSwiftUpdateCheck = 1220;
				LastUpgradeCheck = 1230;
				TargetAttributes = {
					33E1B1772589600000A1FDC1 = {
						CreatedOnToolsVersion = 12.2;
					};
					33E1B1892589600100A1FDC1 = {
						CreatedOnToolsVersion = 12.2;
						TestTargetID = 33E1B1772589600000A1FDC1;
					};
					33E1B1942589600100A1FDC1 = {
						CreatedOnToolsVersion = 12.2;
						TestTargetID = 33E1B1772589600000A1FDC1;
					};
				};
			};
			buildConfigurationList = 33E1B1732589600000A1FDC1 /* Build configuration list for PBXProject "AdaptiveIcons" */;
			compatibilityVersion = "Xcode 9.3";
			developmentRegion = en;
			hasScannedForEncodings = 0;
			knownRegions = (
				en,
				Base,
			);
			mainGroup = 33E1B16F2589600000A1FDC1;
			packageReferences = (
				3360CA80258BF80B008350BB /* XCRemoteSwiftPackageReference "swiftui-grid" */,
				B7453A342594E99900F8BE5A /* XCRemoteSwiftPackageReference "swift-composable-architecture" */,
			);
			productRefGroup = 33E1B1792589600000A1FDC1 /* Products */;
			projectDirPath = "";
			projectRoot = "";
			targets = (
				33E1B1772589600000A1FDC1 /* AdaptiveIcons */,
				33E1B1892589600100A1FDC1 /* AdaptiveIconsTests */,
				33E1B1942589600100A1FDC1 /* AdaptiveIconsUITests */,
			);
		};
/* End PBXProject section */

/* Begin PBXResourcesBuildPhase section */
		33E1B1762589600000A1FDC1 /* Resources */ = {
			isa = PBXResourcesBuildPhase;
			buildActionMask = 2147483647;
			files = (
				33E1B1832589600100A1FDC1 /* Preview Assets.xcassets in Resources */,
				33E1B1802589600100A1FDC1 /* Assets.xcassets in Resources */,
			);
			runOnlyForDeploymentPostprocessing = 0;
		};
		33E1B1882589600100A1FDC1 /* Resources */ = {
			isa = PBXResourcesBuildPhase;
			buildActionMask = 2147483647;
			files = (
			);
			runOnlyForDeploymentPostprocessing = 0;
		};
		33E1B1932589600100A1FDC1 /* Resources */ = {
			isa = PBXResourcesBuildPhase;
			buildActionMask = 2147483647;
			files = (
			);
			runOnlyForDeploymentPostprocessing = 0;
		};
/* End PBXResourcesBuildPhase section */

/* Begin PBXSourcesBuildPhase section */
		33E1B1742589600000A1FDC1 /* Sources */ = {
			isa = PBXSourcesBuildPhase;
			buildActionMask = 2147483647;
			files = (
				B757D9562594EAB3000FDB10 /* Logger.swift in Sources */,
				3300BA282592442E002E8373 /* SidebarView.swift in Sources */,
				33E1B17C2589600000A1FDC1 /* AdaptiveIconsApp.swift in Sources */,
				B757D95C2594EAF9000FDB10 /* Model.swift in Sources */,
				33C3E93225941811007670AB /* ContentView.swift in Sources */,
				B757D94E2594E9FB000FDB10 /* AppState.swift in Sources */,
			);
			runOnlyForDeploymentPostprocessing = 0;
		};
		33E1B1862589600100A1FDC1 /* Sources */ = {
			isa = PBXSourcesBuildPhase;
			buildActionMask = 2147483647;
			files = (
				33E1B18F2589600100A1FDC1 /* AdaptiveIconsTests.swift in Sources */,
			);
			runOnlyForDeploymentPostprocessing = 0;
		};
		33E1B1912589600100A1FDC1 /* Sources */ = {
			isa = PBXSourcesBuildPhase;
			buildActionMask = 2147483647;
			files = (
				33E1B19A2589600100A1FDC1 /* AdaptiveIconsUITests.swift in Sources */,
			);
			runOnlyForDeploymentPostprocessing = 0;
		};
/* End PBXSourcesBuildPhase section */

/* Begin PBXTargetDependency section */
		33E1B18C2589600100A1FDC1 /* PBXTargetDependency */ = {
			isa = PBXTargetDependency;
			target = 33E1B1772589600000A1FDC1 /* AdaptiveIcons */;
			targetProxy = 33E1B18B2589600100A1FDC1 /* PBXContainerItemProxy */;
		};
		33E1B1972589600100A1FDC1 /* PBXTargetDependency */ = {
			isa = PBXTargetDependency;
			target = 33E1B1772589600000A1FDC1 /* AdaptiveIcons */;
			targetProxy = 33E1B1962589600100A1FDC1 /* PBXContainerItemProxy */;
		};
/* End PBXTargetDependency section */

/* Begin XCBuildConfiguration section */
		33E1B19C2589600100A1FDC1 /* Debug */ = {
			isa = XCBuildConfiguration;
			buildSettings = {
				ALWAYS_SEARCH_USER_PATHS = NO;
				CLANG_ANALYZER_NONNULL = YES;
				CLANG_ANALYZER_NUMBER_OBJECT_CONVERSION = YES_AGGRESSIVE;
				CLANG_CXX_LANGUAGE_STANDARD = "gnu++14";
				CLANG_CXX_LIBRARY = "libc++";
				CLANG_ENABLE_MODULES = YES;
				CLANG_ENABLE_OBJC_ARC = YES;
				CLANG_ENABLE_OBJC_WEAK = YES;
				CLANG_WARN_BLOCK_CAPTURE_AUTORELEASING = YES;
				CLANG_WARN_BOOL_CONVERSION = YES;
				CLANG_WARN_COMMA = YES;
				CLANG_WARN_CONSTANT_CONVERSION = YES;
				CLANG_WARN_DEPRECATED_OBJC_IMPLEMENTATIONS = YES;
				CLANG_WARN_DIRECT_OBJC_ISA_USAGE = YES_ERROR;
				CLANG_WARN_DOCUMENTATION_COMMENTS = YES;
				CLANG_WARN_EMPTY_BODY = YES;
				CLANG_WARN_ENUM_CONVERSION = YES;
				CLANG_WARN_INFINITE_RECURSION = YES;
				CLANG_WARN_INT_CONVERSION = YES;
				CLANG_WARN_NON_LITERAL_NULL_CONVERSION = YES;
				CLANG_WARN_OBJC_IMPLICIT_RETAIN_SELF = YES;
				CLANG_WARN_OBJC_LITERAL_CONVERSION = YES;
				CLANG_WARN_OBJC_ROOT_CLASS = YES_ERROR;
				CLANG_WARN_QUOTED_INCLUDE_IN_FRAMEWORK_HEADER = YES;
				CLANG_WARN_RANGE_LOOP_ANALYSIS = YES;
				CLANG_WARN_STRICT_PROTOTYPES = YES;
				CLANG_WARN_SUSPICIOUS_MOVE = YES;
				CLANG_WARN_UNGUARDED_AVAILABILITY = YES_AGGRESSIVE;
				CLANG_WARN_UNREACHABLE_CODE = YES;
				CLANG_WARN__DUPLICATE_METHOD_MATCH = YES;
				COPY_PHASE_STRIP = NO;
				DEBUG_INFORMATION_FORMAT = dwarf;
				ENABLE_STRICT_OBJC_MSGSEND = YES;
				ENABLE_TESTABILITY = YES;
				GCC_C_LANGUAGE_STANDARD = gnu11;
				GCC_DYNAMIC_NO_PIC = NO;
				GCC_NO_COMMON_BLOCKS = YES;
				GCC_OPTIMIZATION_LEVEL = 0;
				GCC_PREPROCESSOR_DEFINITIONS = (
					"DEBUG=1",
					"$(inherited)",
				);
				GCC_WARN_64_TO_32_BIT_CONVERSION = YES;
				GCC_WARN_ABOUT_RETURN_TYPE = YES_ERROR;
				GCC_WARN_UNDECLARED_SELECTOR = YES;
				GCC_WARN_UNINITIALIZED_AUTOS = YES_AGGRESSIVE;
				GCC_WARN_UNUSED_FUNCTION = YES;
				GCC_WARN_UNUSED_VARIABLE = YES;
				MACOSX_DEPLOYMENT_TARGET = 10.15;
				MTL_ENABLE_DEBUG_INFO = INCLUDE_SOURCE;
				MTL_FAST_MATH = YES;
				ONLY_ACTIVE_ARCH = YES;
				SDKROOT = macosx;
				SWIFT_ACTIVE_COMPILATION_CONDITIONS = DEBUG;
				SWIFT_OPTIMIZATION_LEVEL = "-Onone";
			};
			name = Debug;
		};
		33E1B19D2589600100A1FDC1 /* Release */ = {
			isa = XCBuildConfiguration;
			buildSettings = {
				ALWAYS_SEARCH_USER_PATHS = NO;
				CLANG_ANALYZER_NONNULL = YES;
				CLANG_ANALYZER_NUMBER_OBJECT_CONVERSION = YES_AGGRESSIVE;
				CLANG_CXX_LANGUAGE_STANDARD = "gnu++14";
				CLANG_CXX_LIBRARY = "libc++";
				CLANG_ENABLE_MODULES = YES;
				CLANG_ENABLE_OBJC_ARC = YES;
				CLANG_ENABLE_OBJC_WEAK = YES;
				CLANG_WARN_BLOCK_CAPTURE_AUTORELEASING = YES;
				CLANG_WARN_BOOL_CONVERSION = YES;
				CLANG_WARN_COMMA = YES;
				CLANG_WARN_CONSTANT_CONVERSION = YES;
				CLANG_WARN_DEPRECATED_OBJC_IMPLEMENTATIONS = YES;
				CLANG_WARN_DIRECT_OBJC_ISA_USAGE = YES_ERROR;
				CLANG_WARN_DOCUMENTATION_COMMENTS = YES;
				CLANG_WARN_EMPTY_BODY = YES;
				CLANG_WARN_ENUM_CONVERSION = YES;
				CLANG_WARN_INFINITE_RECURSION = YES;
				CLANG_WARN_INT_CONVERSION = YES;
				CLANG_WARN_NON_LITERAL_NULL_CONVERSION = YES;
				CLANG_WARN_OBJC_IMPLICIT_RETAIN_SELF = YES;
				CLANG_WARN_OBJC_LITERAL_CONVERSION = YES;
				CLANG_WARN_OBJC_ROOT_CLASS = YES_ERROR;
				CLANG_WARN_QUOTED_INCLUDE_IN_FRAMEWORK_HEADER = YES;
				CLANG_WARN_RANGE_LOOP_ANALYSIS = YES;
				CLANG_WARN_STRICT_PROTOTYPES = YES;
				CLANG_WARN_SUSPICIOUS_MOVE = YES;
				CLANG_WARN_UNGUARDED_AVAILABILITY = YES_AGGRESSIVE;
				CLANG_WARN_UNREACHABLE_CODE = YES;
				CLANG_WARN__DUPLICATE_METHOD_MATCH = YES;
				COPY_PHASE_STRIP = NO;
				DEBUG_INFORMATION_FORMAT = "dwarf-with-dsym";
				ENABLE_NS_ASSERTIONS = NO;
				ENABLE_STRICT_OBJC_MSGSEND = YES;
				GCC_C_LANGUAGE_STANDARD = gnu11;
				GCC_NO_COMMON_BLOCKS = YES;
				GCC_WARN_64_TO_32_BIT_CONVERSION = YES;
				GCC_WARN_ABOUT_RETURN_TYPE = YES_ERROR;
				GCC_WARN_UNDECLARED_SELECTOR = YES;
				GCC_WARN_UNINITIALIZED_AUTOS = YES_AGGRESSIVE;
				GCC_WARN_UNUSED_FUNCTION = YES;
				GCC_WARN_UNUSED_VARIABLE = YES;
				MACOSX_DEPLOYMENT_TARGET = 10.15;
				MTL_ENABLE_DEBUG_INFO = NO;
				MTL_FAST_MATH = YES;
				SDKROOT = macosx;
				SWIFT_COMPILATION_MODE = wholemodule;
				SWIFT_OPTIMIZATION_LEVEL = "-O";
			};
			name = Release;
		};
		33E1B19F2589600100A1FDC1 /* Debug */ = {
			isa = XCBuildConfiguration;
			buildSettings = {
				ASSETCATALOG_COMPILER_APPICON_NAME = AppIcon;
				ASSETCATALOG_COMPILER_GLOBAL_ACCENT_COLOR_NAME = AccentColor;
				CODE_SIGN_ENTITLEMENTS = AdaptiveIcons/AdaptiveIcons.entitlements;
				CODE_SIGN_IDENTITY = "-";
				CODE_SIGN_STYLE = Automatic;
				COMBINE_HIDPI_IMAGES = YES;
				DEVELOPMENT_ASSET_PATHS = "\"AdaptiveIcons/Preview Content\"";
				DEVELOPMENT_TEAM = 9EQ43UZ3FN;
				ENABLE_HARDENED_RUNTIME = YES;
				ENABLE_PREVIEWS = YES;
				INFOPLIST_FILE = AdaptiveIcons/Info.plist;
				LD_RUNPATH_SEARCH_PATHS = (
					"$(inherited)",
					"@executable_path/../Frameworks",
				);
				PRODUCT_BUNDLE_IDENTIFIER = kswift.AdaptiveIcons;
				PRODUCT_NAME = "$(TARGET_NAME)";
				SWIFT_VERSION = 5.0;
			};
			name = Debug;
		};
		33E1B1A02589600100A1FDC1 /* Release */ = {
			isa = XCBuildConfiguration;
			buildSettings = {
				ASSETCATALOG_COMPILER_APPICON_NAME = AppIcon;
				ASSETCATALOG_COMPILER_GLOBAL_ACCENT_COLOR_NAME = AccentColor;
				CODE_SIGN_ENTITLEMENTS = AdaptiveIcons/AdaptiveIcons.entitlements;
				CODE_SIGN_IDENTITY = "-";
				CODE_SIGN_STYLE = Automatic;
				COMBINE_HIDPI_IMAGES = YES;
				DEVELOPMENT_ASSET_PATHS = "\"AdaptiveIcons/Preview Content\"";
				DEVELOPMENT_TEAM = 9EQ43UZ3FN;
				ENABLE_HARDENED_RUNTIME = YES;
				ENABLE_PREVIEWS = YES;
				INFOPLIST_FILE = AdaptiveIcons/Info.plist;
				LD_RUNPATH_SEARCH_PATHS = (
					"$(inherited)",
					"@executable_path/../Frameworks",
				);
				PRODUCT_BUNDLE_IDENTIFIER = kswift.AdaptiveIcons;
				PRODUCT_NAME = "$(TARGET_NAME)";
				SWIFT_VERSION = 5.0;
			};
			name = Release;
		};
		33E1B1A22589600100A1FDC1 /* Debug */ = {
			isa = XCBuildConfiguration;
			buildSettings = {
				ALWAYS_EMBED_SWIFT_STANDARD_LIBRARIES = YES;
				BUNDLE_LOADER = "$(TEST_HOST)";
				CODE_SIGN_STYLE = Automatic;
				COMBINE_HIDPI_IMAGES = YES;
				DEVELOPMENT_TEAM = W6LQK45783;
				INFOPLIST_FILE = AdaptiveIconsTests/Info.plist;
				LD_RUNPATH_SEARCH_PATHS = (
					"$(inherited)",
					"@executable_path/../Frameworks",
					"@loader_path/../Frameworks",
				);
				MACOSX_DEPLOYMENT_TARGET = 11.0;
				PRODUCT_BUNDLE_IDENTIFIER = kswift.AdaptiveIconsTests;
				PRODUCT_NAME = "$(TARGET_NAME)";
				SWIFT_VERSION = 5.0;
				TEST_HOST = "$(BUILT_PRODUCTS_DIR)/AdaptiveIcons.app/Contents/MacOS/AdaptiveIcons";
			};
			name = Debug;
		};
		33E1B1A32589600100A1FDC1 /* Release */ = {
			isa = XCBuildConfiguration;
			buildSettings = {
				ALWAYS_EMBED_SWIFT_STANDARD_LIBRARIES = YES;
				BUNDLE_LOADER = "$(TEST_HOST)";
				CODE_SIGN_STYLE = Automatic;
				COMBINE_HIDPI_IMAGES = YES;
				DEVELOPMENT_TEAM = W6LQK45783;
				INFOPLIST_FILE = AdaptiveIconsTests/Info.plist;
				LD_RUNPATH_SEARCH_PATHS = (
					"$(inherited)",
					"@executable_path/../Frameworks",
					"@loader_path/../Frameworks",
				);
				MACOSX_DEPLOYMENT_TARGET = 11.0;
				PRODUCT_BUNDLE_IDENTIFIER = kswift.AdaptiveIconsTests;
				PRODUCT_NAME = "$(TARGET_NAME)";
				SWIFT_VERSION = 5.0;
				TEST_HOST = "$(BUILT_PRODUCTS_DIR)/AdaptiveIcons.app/Contents/MacOS/AdaptiveIcons";
			};
			name = Release;
		};
		33E1B1A52589600100A1FDC1 /* Debug */ = {
			isa = XCBuildConfiguration;
			buildSettings = {
				ALWAYS_EMBED_SWIFT_STANDARD_LIBRARIES = YES;
				CODE_SIGN_STYLE = Automatic;
				COMBINE_HIDPI_IMAGES = YES;
				DEVELOPMENT_TEAM = W6LQK45783;
				INFOPLIST_FILE = AdaptiveIconsUITests/Info.plist;
				LD_RUNPATH_SEARCH_PATHS = (
					"$(inherited)",
					"@executable_path/../Frameworks",
					"@loader_path/../Frameworks",
				);
				PRODUCT_BUNDLE_IDENTIFIER = kswift.AdaptiveIconsUITests;
				PRODUCT_NAME = "$(TARGET_NAME)";
				SWIFT_VERSION = 5.0;
				TEST_TARGET_NAME = AdaptiveIcons;
			};
			name = Debug;
		};
		33E1B1A62589600100A1FDC1 /* Release */ = {
			isa = XCBuildConfiguration;
			buildSettings = {
				ALWAYS_EMBED_SWIFT_STANDARD_LIBRARIES = YES;
				CODE_SIGN_STYLE = Automatic;
				COMBINE_HIDPI_IMAGES = YES;
				DEVELOPMENT_TEAM = W6LQK45783;
				INFOPLIST_FILE = AdaptiveIconsUITests/Info.plist;
				LD_RUNPATH_SEARCH_PATHS = (
					"$(inherited)",
					"@executable_path/../Frameworks",
					"@loader_path/../Frameworks",
				);
				PRODUCT_BUNDLE_IDENTIFIER = kswift.AdaptiveIconsUITests;
				PRODUCT_NAME = "$(TARGET_NAME)";
				SWIFT_VERSION = 5.0;
				TEST_TARGET_NAME = AdaptiveIcons;
			};
			name = Release;
		};
/* End XCBuildConfiguration section */

/* Begin XCConfigurationList section */
		33E1B1732589600000A1FDC1 /* Build configuration list for PBXProject "AdaptiveIcons" */ = {
			isa = XCConfigurationList;
			buildConfigurations = (
				33E1B19C2589600100A1FDC1 /* Debug */,
				33E1B19D2589600100A1FDC1 /* Release */,
			);
			defaultConfigurationIsVisible = 0;
			defaultConfigurationName = Release;
		};
		33E1B19E2589600100A1FDC1 /* Build configuration list for PBXNativeTarget "AdaptiveIcons" */ = {
			isa = XCConfigurationList;
			buildConfigurations = (
				33E1B19F2589600100A1FDC1 /* Debug */,
				33E1B1A02589600100A1FDC1 /* Release */,
			);
			defaultConfigurationIsVisible = 0;
			defaultConfigurationName = Release;
		};
		33E1B1A12589600100A1FDC1 /* Build configuration list for PBXNativeTarget "AdaptiveIconsTests" */ = {
			isa = XCConfigurationList;
			buildConfigurations = (
				33E1B1A22589600100A1FDC1 /* Debug */,
				33E1B1A32589600100A1FDC1 /* Release */,
			);
			defaultConfigurationIsVisible = 0;
			defaultConfigurationName = Release;
		};
		33E1B1A42589600100A1FDC1 /* Build configuration list for PBXNativeTarget "AdaptiveIconsUITests" */ = {
			isa = XCConfigurationList;
			buildConfigurations = (
				33E1B1A52589600100A1FDC1 /* Debug */,
				33E1B1A62589600100A1FDC1 /* Release */,
			);
			defaultConfigurationIsVisible = 0;
			defaultConfigurationName = Release;
		};
/* End XCConfigurationList section */

/* Begin XCRemoteSwiftPackageReference section */
		3360CA80258BF80B008350BB /* XCRemoteSwiftPackageReference "swiftui-grid" */ = {
			isa = XCRemoteSwiftPackageReference;
			repositoryURL = "https://github.com/spacenation/swiftui-grid";
			requirement = {
				kind = upToNextMajorVersion;
				minimumVersion = 1.0.4;
			};
		};
		B7453A342594E99900F8BE5A /* XCRemoteSwiftPackageReference "swift-composable-architecture" */ = {
			isa = XCRemoteSwiftPackageReference;
			repositoryURL = "https://github.com/pointfreeco/swift-composable-architecture.git";
			requirement = {
				kind = upToNextMajorVersion;
				minimumVersion = 0.9.0;
			};
		};
/* End XCRemoteSwiftPackageReference section */

/* Begin XCSwiftPackageProductDependency section */
		3360CA81258BF80B008350BB /* Grid */ = {
			isa = XCSwiftPackageProductDependency;
			package = 3360CA80258BF80B008350BB /* XCRemoteSwiftPackageReference "swiftui-grid" */;
			productName = Grid;
		};
		B7453A352594E99900F8BE5A /* ComposableArchitecture */ = {
			isa = XCSwiftPackageProductDependency;
			package = B7453A342594E99900F8BE5A /* XCRemoteSwiftPackageReference "swift-composable-architecture" */;
			productName = ComposableArchitecture;
		};
/* End XCSwiftPackageProductDependency section */
	};
	rootObject = 33E1B1702589600000A1FDC1 /* Project object */;
}
